
Microsoft Visual Studio Solution File, Format Version 12.00
# Visual Studio Version 16
VisualStudioVersion = 16.0.31321.278
MinimumVisualStudioVersion = 10.0.40219.1
Project("{9A19103F-16F7-4668-BE54-9A1E7A4F7556}") = "PriorityQueues", "PriorityQueues\PriorityQueues.csproj", "{68BC24ED-9C80-4BE1-8FBC-21E42AF7E1BD}"
EndProject
Project("{9A19103F-16F7-4668-BE54-9A1E7A4F7556}") = "Tests", "Tests\Tests.csproj", "{E52EC0BD-072A-42DC-83B8-FA45A8801B5A}"
EndProject
Global
	GlobalSection(SolutionConfigurationPlatforms) = preSolution
		Debug|Any CPU = Debug|Any CPU
		Release|Any CPU = Release|Any CPU
	EndGlobalSection
	GlobalSection(ProjectConfigurationPlatforms) = postSolution
		{68BC24ED-9C80-4BE1-8FBC-21E42AF7E1BD}.Debug|Any CPU.ActiveCfg = Debug|Any CPU
		{68BC24ED-9C80-4BE1-8FBC-21E42AF7E1BD}.Debug|Any CPU.Build.0 = Debug|Any CPU
		{68BC24ED-9C80-4BE1-8FBC-21E42AF7E1BD}.Release|Any CPU.ActiveCfg = Release|Any CPU
		{68BC24ED-9C80-4BE1-8FBC-21E42AF7E1BD}.Release|Any CPU.Build.0 = Release|Any CPU
		{E52EC0BD-072A-42DC-83B8-FA45A8801B5A}.Debug|Any CPU.ActiveCfg = Debug|Any CPU
		{E52EC0BD-072A-42DC-83B8-FA45A8801B5A}.Debug|Any CPU.Build.0 = Debug|Any CPU
		{E52EC0BD-072A-42DC-83B8-FA45A8801B5A}.Release|Any CPU.ActiveCfg = Release|Any CPU
		{E52EC0BD-072A-42DC-83B8-FA45A8801B5A}.Release|Any CPU.Build.0 = Release|Any CPU
	EndGlobalSection
	GlobalSection(SolutionProperties) = preSolution
		HideSolutionNode = FALSE
	EndGlobalSection
	GlobalSection(ExtensibilityGlobals) = postSolution
		SolutionGuid = {4A2C6C1C-55D9-4651-9C88-570A58F56AF2}
	EndGlobalSection
EndGlobal
